
Microsoft Visual Studio Solution File, Format Version 12.00
# Visual Studio Version 16
VisualStudioVersion = 16.0.31205.134
MinimumVisualStudioVersion = 10.0.40219.1
Project("{9A19103F-16F7-4668-BE54-9A1E7A4F7556}") = "RazorInterviewFinstar", "RazorInterviewFinstar\RazorInterviewFinstar.csproj", "{38386199-F5E5-483C-9CAD-1D9EA17977AA}"
EndProject
Global
	GlobalSection(SolutionConfigurationPlatforms) = preSolution
		Debug|Any CPU = Debug|Any CPU
		Release|Any CPU = Release|Any CPU
	EndGlobalSection
	GlobalSection(ProjectConfigurationPlatforms) = postSolution
		{38386199-F5E5-483C-9CAD-1D9EA17977AA}.Debug|Any CPU.ActiveCfg = Debug|Any CPU
		{38386199-F5E5-483C-9CAD-1D9EA17977AA}.Debug|Any CPU.Build.0 = Debug|Any CPU
		{38386199-F5E5-483C-9CAD-1D9EA17977AA}.Release|Any CPU.ActiveCfg = Release|Any CPU
		{38386199-F5E5-483C-9CAD-1D9EA17977AA}.Release|Any CPU.Build.0 = Release|Any CPU
	EndGlobalSection
	GlobalSection(SolutionProperties) = preSolution
		HideSolutionNode = FALSE
	EndGlobalSection
	GlobalSection(ExtensibilityGlobals) = postSolution
		SolutionGuid = {A1214ED3-2DF7-43C6-AF71-83BCECF48635}
	EndGlobalSection
EndGlobal
